# THIS IS AN AUTOGENERATED FILE. DO NOT EDIT THIS FILE DIRECTLY.
# yarn lockfile v1


amqplib@^1.0.6:
  version "1.0.6"
  resolved "https://registry.yarnpkg.com/amqplib/-/amqplib-1.0.6.tgz#439a8d7039b0a787fb9fb6834421f79fa2a6fb7e"
  integrity sha512-HGls46nTCt5xInwow2gPcm9mX512CIA7VJWn/GS9A2ymt0PVcAzkd9GsK2tQuUTdKhTu87ZKGl5UMLdcBKNa4A==
  dependencies:
    buffer-more-ints "~1.0.0"

buffer-more-ints@~1.0.0:
  version "1.0.0"
  resolved "https://registry.yarnpkg.com/buffer-more-ints/-/buffer-more-ints-1.0.0.tgz#ef4f8e2dddbad429ed3828a9c55d44f05c611422"
  integrity sha512-EMetuGFz5SLsT0QTnXzINh4Ksr+oo4i+UGTXEshiGCQWnsgSs7ZhJ8fzlwQ+OzEMs0MpDAMr1hxnblp5a4vcHg==
